
Microsoft Visual Studio Solution File, Format Version 12.00
# Visual Studio 15
VisualStudioVersion = 15.0.28010.2048
MinimumVisualStudioVersion = 10.0.40219.1
Project("{8BC9CEB8-8B4A-11D0-8D11-00A0C91BC942}") = "ZMQServer", "ZMQServer\ZMQServer.vcxproj", "{739D2F6C-7B37-4DC8-A949-06F0A906D72D}"
EndProject
Project("{FAE04EC0-301F-11D3-BF4B-00C04F79EFBC}") = "ZMQClientCS", "ZMQClientCS\ZMQClientCS.csproj", "{79A799F0-0836-4795-8350-EF18D06B24E3}"
EndProject
Global
	GlobalSection(SolutionConfigurationPlatforms) = preSolution
		Debug|Any CPU = Debug|Any CPU
		Debug|x64 = Debug|x64
		Debug|x86 = Debug|x86
		Release|Any CPU = Release|Any CPU
		Release|x64 = Release|x64
		Release|x86 = Release|x86
	EndGlobalSection
	GlobalSection(ProjectConfigurationPlatforms) = postSolution
		{739D2F6C-7B37-4DC8-A949-06F0A906D72D}.Debug|Any CPU.ActiveCfg = Debug|Win32
		{739D2F6C-7B37-4DC8-A949-06F0A906D72D}.Debug|Any CPU.Build.0 = Debug|Win32
		{739D2F6C-7B37-4DC8-A949-06F0A906D72D}.Debug|x64.ActiveCfg = Debug|x64
		{739D2F6C-7B37-4DC8-A949-06F0A906D72D}.Debug|x64.Build.0 = Debug|x64
		{739D2F6C-7B37-4DC8-A949-06F0A906D72D}.Debug|x86.ActiveCfg = Debug|Win32
		{739D2F6C-7B37-4DC8-A949-06F0A906D72D}.Debug|x86.Build.0 = Debug|Win32
		{739D2F6C-7B37-4DC8-A949-06F0A906D72D}.Release|Any CPU.ActiveCfg = Release|Win32
		{739D2F6C-7B37-4DC8-A949-06F0A906D72D}.Release|x64.ActiveCfg = Release|x64
		{739D2F6C-7B37-4DC8-A949-06F0A906D72D}.Release|x64.Build.0 = Release|x64
		{739D2F6C-7B37-4DC8-A949-06F0A906D72D}.Release|x86.ActiveCfg = Release|Win32
		{739D2F6C-7B37-4DC8-A949-06F0A906D72D}.Release|x86.Build.0 = Release|Win32
		{79A799F0-0836-4795-8350-EF18D06B24E3}.Debug|Any CPU.ActiveCfg = Debug|Any CPU
		{79A799F0-0836-4795-8350-EF18D06B24E3}.Debug|Any CPU.Build.0 = Debug|Any CPU
		{79A799F0-0836-4795-8350-EF18D06B24E3}.Debug|x64.ActiveCfg = Debug|Any CPU
		{79A799F0-0836-4795-8350-EF18D06B24E3}.Debug|x64.Build.0 = Debug|Any CPU
		{79A799F0-0836-4795-8350-EF18D06B24E3}.Debug|x86.ActiveCfg = Debug|Any CPU
		{79A799F0-0836-4795-8350-EF18D06B24E3}.Debug|x86.Build.0 = Debug|Any CPU
		{79A799F0-0836-4795-8350-EF18D06B24E3}.Release|Any CPU.ActiveCfg = Release|Any CPU
		{79A799F0-0836-4795-8350-EF18D06B24E3}.Release|Any CPU.Build.0 = Release|Any CPU
		{79A799F0-0836-4795-8350-EF18D06B24E3}.Release|x64.ActiveCfg = Release|Any CPU
		{79A799F0-0836-4795-8350-EF18D06B24E3}.Release|x64.Build.0 = Release|Any CPU
		{79A799F0-0836-4795-8350-EF18D06B24E3}.Release|x86.ActiveCfg = Release|Any CPU
		{79A799F0-0836-4795-8350-EF18D06B24E3}.Release|x86.Build.0 = Release|Any CPU
	EndGlobalSection
	GlobalSection(SolutionProperties) = preSolution
		HideSolutionNode = FALSE
	EndGlobalSection
	GlobalSection(ExtensibilityGlobals) = postSolution
		SolutionGuid = {F18ACDEF-6487-4863-8E9C-FCEF06275929}
	EndGlobalSection
EndGlobal
