
Microsoft Visual Studio Solution File, Format Version 12.00
# Visual Studio Version 17
VisualStudioVersion = 17.4.33205.214
MinimumVisualStudioVersion = 10.0.40219.1
Project("{FAE04EC0-301F-11D3-BF4B-00C04F79EFBC}") = "WebApiNet7", "WebApiNet7\WebApiNet7.csproj", "{09D75C3B-AE37-4E18-B3D8-FCA8325324EB}"
EndProject
Global
	GlobalSection(SolutionConfigurationPlatforms) = preSolution
		Debug|Any CPU = Debug|Any CPU
		Release|Any CPU = Release|Any CPU
	EndGlobalSection
	GlobalSection(ProjectConfigurationPlatforms) = postSolution
		{09D75C3B-AE37-4E18-B3D8-FCA8325324EB}.Debug|Any CPU.ActiveCfg = Debug|Any CPU
		{09D75C3B-AE37-4E18-B3D8-FCA8325324EB}.Debug|Any CPU.Build.0 = Debug|Any CPU
		{09D75C3B-AE37-4E18-B3D8-FCA8325324EB}.Release|Any CPU.ActiveCfg = Release|Any CPU
		{09D75C3B-AE37-4E18-B3D8-FCA8325324EB}.Release|Any CPU.Build.0 = Release|Any CPU
	EndGlobalSection
	GlobalSection(SolutionProperties) = preSolution
		HideSolutionNode = FALSE
	EndGlobalSection
	GlobalSection(ExtensibilityGlobals) = postSolution
		SolutionGuid = {A961ECF6-7B21-4F0F-B038-046C195558C4}
	EndGlobalSection
EndGlobal
