
Microsoft Visual Studio Solution File, Format Version 12.00
# Visual Studio 15
VisualStudioVersion = 15.0.28010.2048
MinimumVisualStudioVersion = 10.0.40219.1
Project("{FAE04EC0-301F-11D3-BF4B-00C04F79EFBC}") = "ModernCS", "ModernCS\ModernCS.csproj", "{804F9FD3-6F09-40F2-8BF5-644C05C5BECB}"
EndProject
Global
	GlobalSection(SolutionConfigurationPlatforms) = preSolution
		Debug|Any CPU = Debug|Any CPU
		Release|Any CPU = Release|Any CPU
	EndGlobalSection
	GlobalSection(ProjectConfigurationPlatforms) = postSolution
		{804F9FD3-6F09-40F2-8BF5-644C05C5BECB}.Debug|Any CPU.ActiveCfg = Debug|Any CPU
		{804F9FD3-6F09-40F2-8BF5-644C05C5BECB}.Debug|Any CPU.Build.0 = Debug|Any CPU
		{804F9FD3-6F09-40F2-8BF5-644C05C5BECB}.Release|Any CPU.ActiveCfg = Release|Any CPU
		{804F9FD3-6F09-40F2-8BF5-644C05C5BECB}.Release|Any CPU.Build.0 = Release|Any CPU
	EndGlobalSection
	GlobalSection(SolutionProperties) = preSolution
		HideSolutionNode = FALSE
	EndGlobalSection
	GlobalSection(ExtensibilityGlobals) = postSolution
		SolutionGuid = {3C832774-56D6-4945-AE27-7342C8AF7C6B}
	EndGlobalSection
EndGlobal
